<?xml version="1.0" encoding="utf-8"?>
<Project ToolsVersion="4.0" xmlns="http://schemas.microsoft.com/developer/msbuild/2003">
  <ItemGroup>
    <Filter Include="Source Files">
      <UniqueIdentifier>{4FC737F1-C7A5-4376-A066-2A32D752A2FF}</UniqueIdentifier>
      <Extensions>cpp;c;cc;cxx;def;odl;idl;hpj;bat;asm;asmx</Extensions>
    </Filter>
    <Filter Include="Header Files">
      <UniqueIdentifier>{93995380-89BD-4b04-88EB-625FBE52EBFB}</UniqueIdentifier>
      <Extensions>h;hh;hpp;hxx;hm;inl;inc;xsd</Extensions>
    </Filter>
    <Filter Include="Resource Files">
      <UniqueIdentifier>{67DA6AB6-F800-4c08-8B7A-83BB121AAD01}</UniqueIdentifier>
      <Extensions>rc;ico;cur;bmp;dlg;rc2;rct;bin;rgs;gif;jpg;jpeg;jpe;resx;tiff;tif;png;wav;mfcribbon-ms</Extensions>
    </Filter>
  </ItemGroup>
  <ItemGroup>
    <ClCompile Include="main.cpp">
      <Filter>Source Files</Filter>
    </ClCompile>
    <ClCompile Include="augs\templates\templates.cpp">
      <Filter>Source Files</Filter>
    </ClCompile>
    <ClCompile Include="augs\misc\timer.cpp">
      <Filter>Source Files</Filter>
    </ClCompile>
    <ClCompile Include="augs\filesystem\directory.cpp">
      <Filter>Source Files</Filter>
    </ClCompile>
    <ClCompile Include="augs\filesystem\file.cpp">
      <Filter>Source Files</Filter>
    </ClCompile>
    <ClCompile Include="augs\audio\audio_manager.cpp">
      <Filter>Source Files</Filter>
    </ClCompile>
    <ClCompile Include="augs\audio\sound_buffer.cpp">
      <Filter>Source Files</Filter>
    </ClCompile>
    <ClCompile Include="augs\audio\sound_source.cpp">
      <Filter>Source Files</Filter>
    </ClCompile>
    <ClCompile Include="augs\window_framework\translate_windows_enums.cpp">
      <Filter>Source Files</Filter>
    </ClCompile>
    <ClCompile Include="augs\window_framework\event.cpp">
      <Filter>Source Files</Filter>
    </ClCompile>
    <ClCompile Include="augs\log.cpp">
      <Filter>Source Files</Filter>
    </ClCompile>
    <ClCompile Include="augs\ensure.cpp">
      <Filter>Source Files</Filter>
    </ClCompile>
    <ClCompile Include="augs\al_log.cpp">
      <Filter>Source Files</Filter>
    </ClCompile>
    <ClCompile Include="augs\misc\action_list.cpp">
      <Filter>Source Files</Filter>
    </ClCompile>
    <ClCompile Include="augs\misc\delta.cpp">
      <Filter>Source Files</Filter>
    </ClCompile>
    <ClCompile Include="augs\misc\enum_bitset.cpp">
      <Filter>Source Files</Filter>
    </ClCompile>
    <ClCompile Include="augs\misc\fixed_delta_timer.cpp">
      <Filter>Source Files</Filter>
    </ClCompile>
    <ClCompile Include="augs\misc\http_requests.cpp">
      <Filter>Source Files</Filter>
    </ClCompile>
    <ClCompile Include="augs\misc\input_context.cpp">
      <Filter>Source Files</Filter>
    </ClCompile>
    <ClCompile Include="augs\misc\machine_entropy.cpp">
      <Filter>Source Files</Filter>
    </ClCompile>
    <ClCompile Include="augs\misc\measurements.cpp">
      <Filter>Source Files</Filter>
    </ClCompile>
    <ClCompile Include="augs\misc\pooled_object_id.cpp">
      <Filter>Source Files</Filter>
    </ClCompile>
    <ClCompile Include="augs\misc\randomization.cpp">
      <Filter>Source Files</Filter>
    </ClCompile>
    <ClCompile Include="augs\misc\readable_bytesize.cpp">
      <Filter>Source Files</Filter>
    </ClCompile>
    <ClCompile Include="augs\misc\smooth_value_field.cpp">
      <Filter>Source Files</Filter>
    </ClCompile>
    <ClCompile Include="augs\misc\standard_actions.cpp">
      <Filter>Source Files</Filter>
    </ClCompile>
    <ClCompile Include="augs\misc\stepped_timing.cpp">
      <Filter>Source Files</Filter>
    </ClCompile>
    <ClCompile Include="augs\misc\streams.cpp">
      <Filter>Source Files</Filter>
    </ClCompile>
    <ClCompile Include="augs\misc\time_utils.cpp">
      <Filter>Source Files</Filter>
    </ClCompile>
    <ClCompile Include="augs\misc\typesafe_sprintf.cpp">
      <Filter>Source Files</Filter>
    </ClCompile>
    <ClCompile Include="augs\misc\typesafe_sscanf.cpp">
      <Filter>Source Files</Filter>
    </ClCompile>
    <ClCompile Include="augs\misc\value_animator.cpp">
      <Filter>Source Files</Filter>
    </ClCompile>
    <ClCompile Include="augs\misc\variable_delta_timer.cpp">
      <Filter>Source Files</Filter>
    </ClCompile>
    <ClCompile Include="eventsink.cpp">
      <Filter>Source Files</Filter>
    </ClCompile>
    <ClCompile Include="eventsinkcall.cpp">
      <Filter>Source Files</Filter>
    </ClCompile>
  </ItemGroup>
  <ItemGroup>
    <ClInclude Include="augs\templates\conditional_call.h">
      <Filter>Header Files</Filter>
    </ClInclude>
    <ClInclude Include="augs\templates\container_templates.h">
      <Filter>Header Files</Filter>
    </ClInclude>
    <ClInclude Include="augs\templates\for_each_in_types.h">
      <Filter>Header Files</Filter>
    </ClInclude>
    <ClInclude Include="augs\templates\get_index_type_for_size_of.h">
      <Filter>Header Files</Filter>
    </ClInclude>
    <ClInclude Include="augs\templates\hash_templates.h">
      <Filter>Header Files</Filter>
    </ClInclude>
    <ClInclude Include="augs\templates\introspect.h">
      <Filter>Header Files</Filter>
    </ClInclude>
    <ClInclude Include="augs\templates\introspection_traits.h">
      <Filter>Header Files</Filter>
    </ClInclude>
    <ClInclude Include="augs\templates\introspection_utilities.h">
      <Filter>Header Files</Filter>
    </ClInclude>
    <ClInclude Include="augs\templates\is_component_synchronized.h">
      <Filter>Header Files</Filter>
    </ClInclude>
    <ClInclude Include="augs\templates\list_ops.h">
      <Filter>Header Files</Filter>
    </ClInclude>
    <ClInclude Include="augs\templates\maybe_const.h">
      <Filter>Header Files</Filter>
    </ClInclude>
    <ClInclude Include="augs\templates\memcpy_safety.h">
      <Filter>Header Files</Filter>
    </ClInclude>
    <ClInclude Include="augs\templates\minimal_templates.h">
      <Filter>Header Files</Filter>
    </ClInclude>
    <ClInclude Include="augs\templates\predicate_templates.h">
      <Filter>Header Files</Filter>
    </ClInclude>
    <ClInclude Include="augs\templates\settable_as_current_mixin.h">
      <Filter>Header Files</Filter>
    </ClInclude>
    <ClInclude Include="augs\templates\string_templates.h">
      <Filter>Header Files</Filter>
    </ClInclude>
    <ClInclude Include="augs\templates\template_logic.h">
      <Filter>Header Files</Filter>
    </ClInclude>
    <ClInclude Include="augs\templates\transform_types.h">
      <Filter>Header Files</Filter>
    </ClInclude>
    <ClInclude Include="augs\templates\type_list.h">
      <Filter>Header Files</Filter>
    </ClInclude>
    <ClInclude Include="augs\templates\type_matching_and_indexing.h">
      <Filter>Header Files</Filter>
    </ClInclude>
    <ClInclude Include="augs\templates\type_mod_templates.h">
      <Filter>Header Files</Filter>
    </ClInclude>
    <ClInclude Include="augs\misc\action.h">
      <Filter>Header Files</Filter>
    </ClInclude>
    <ClInclude Include="augs\misc\action_list.h">
      <Filter>Header Files</Filter>
    </ClInclude>
    <ClInclude Include="augs\misc\basic_game_intent.h">
      <Filter>Header Files</Filter>
    </ClInclude>
    <ClInclude Include="augs\misc\basic_input_context.h">
      <Filter>Header Files</Filter>
    </ClInclude>
    <ClInclude Include="augs\misc\constant_size_vector.h">
      <Filter>Header Files</Filter>
    </ClInclude>
    <ClInclude Include="augs\misc\container_with_small_size.h">
      <Filter>Header Files</Filter>
    </ClInclude>
    <ClInclude Include="augs\misc\debug_entropy_player.h">
      <Filter>Header Files</Filter>
    </ClInclude>
    <ClInclude Include="augs\misc\delta.h">
      <Filter>Header Files</Filter>
    </ClInclude>
    <ClInclude Include="augs\misc\delta_compression.h">
      <Filter>Header Files</Filter>
    </ClInclude>
    <ClInclude Include="augs\misc\enum_array.h">
      <Filter>Header Files</Filter>
    </ClInclude>
    <ClInclude Include="augs\misc\enum_associative_array.h">
      <Filter>Header Files</Filter>
    </ClInclude>
    <ClInclude Include="augs\misc\enum_bitset.h">
      <Filter>Header Files</Filter>
    </ClInclude>
    <ClInclude Include="augs\misc\fixed_delta_timer.h">
      <Filter>Header Files</Filter>
    </ClInclude>
    <ClInclude Include="augs\misc\http_requests.h">
      <Filter>Header Files</Filter>
    </ClInclude>
    <ClInclude Include="augs\misc\jitter_buffer.h">
      <Filter>Header Files</Filter>
    </ClInclude>
    <ClInclude Include="augs\misc\measurements.h">
      <Filter>Header Files</Filter>
    </ClInclude>
    <ClInclude Include="augs\misc\minmax.h">
      <Filter>Header Files</Filter>
    </ClInclude>
    <ClInclude Include="augs\misc\parsing_utils.h">
      <Filter>Header Files</Filter>
    </ClInclude>
    <ClInclude Include="augs\misc\pool.h">
      <Filter>Header Files</Filter>
    </ClInclude>
    <ClInclude Include="augs\misc\pool_handle.h">
      <Filter>Header Files</Filter>
    </ClInclude>
    <ClInclude Include="augs\misc\pooled_object_id.h">
      <Filter>Header Files</Filter>
    </ClInclude>
    <ClInclude Include="augs\misc\randomization.h">
      <Filter>Header Files</Filter>
    </ClInclude>
    <ClInclude Include="augs\misc\readable_bytesize.h">
      <Filter>Header Files</Filter>
    </ClInclude>
    <ClInclude Include="augs\misc\smooth_value_field.h">
      <Filter>Header Files</Filter>
    </ClInclude>
    <ClInclude Include="augs\misc\standard_actions.h">
      <Filter>Header Files</Filter>
    </ClInclude>
    <ClInclude Include="augs\misc\stepped_timing.h">
      <Filter>Header Files</Filter>
    </ClInclude>
    <ClInclude Include="augs\misc\streams.h">
      <Filter>Header Files</Filter>
    </ClInclude>
    <ClInclude Include="augs\misc\subscript_operator_for_get_handle_mixin.h">
      <Filter>Header Files</Filter>
    </ClInclude>
    <ClInclude Include="augs\misc\templated_readwrite.h">
      <Filter>Header Files</Filter>
    </ClInclude>
    <ClInclude Include="augs\misc\time_utils.h">
      <Filter>Header Files</Filter>
    </ClInclude>
    <ClInclude Include="augs\misc\timer.h">
      <Filter>Header Files</Filter>
    </ClInclude>
    <ClInclude Include="augs\misc\trivial_variant.h">
      <Filter>Header Files</Filter>
    </ClInclude>
    <ClInclude Include="augs\misc\trivially_copyable_pair.h">
      <Filter>Header Files</Filter>
    </ClInclude>
    <ClInclude Include="augs\misc\trivially_copyable_tuple.h">
      <Filter>Header Files</Filter>
    </ClInclude>
    <ClInclude Include="augs\misc\typesafe_sprintf.h">
      <Filter>Header Files</Filter>
    </ClInclude>
    <ClInclude Include="augs\misc\typesafe_sscanf.h">
      <Filter>Header Files</Filter>
    </ClInclude>
    <ClInclude Include="augs\misc\undoredo.h">
      <Filter>Header Files</Filter>
    </ClInclude>
    <ClInclude Include="augs\misc\value_animator.h">
      <Filter>Header Files</Filter>
    </ClInclude>
    <ClInclude Include="augs\misc\variable_delta_timer.h">
      <Filter>Header Files</Filter>
    </ClInclude>
    <ClInclude Include="augs\math\declare_math.h">
      <Filter>Header Files</Filter>
    </ClInclude>
    <ClInclude Include="augs\math\matrix.h">
      <Filter>Header Files</Filter>
    </ClInclude>
    <ClInclude Include="augs\math\rects.h">
      <Filter>Header Files</Filter>
    </ClInclude>
    <ClInclude Include="augs\math\si_scaling.h">
      <Filter>Header Files</Filter>
    </ClInclude>
    <ClInclude Include="augs\math\vec2.h">
      <Filter>Header Files</Filter>
    </ClInclude>
    <ClInclude Include="augs\filesystem\directory.h">
      <Filter>Header Files</Filter>
    </ClInclude>
    <ClInclude Include="augs\filesystem\file.h">
      <Filter>Header Files</Filter>
    </ClInclude>
    <ClInclude Include="augs\audio\audio_manager.h">
      <Filter>Header Files</Filter>
    </ClInclude>
    <ClInclude Include="augs\audio\sound_buffer.h">
      <Filter>Header Files</Filter>
    </ClInclude>
    <ClInclude Include="augs\audio\sound_effect_modifier.h">
      <Filter>Header Files</Filter>
    </ClInclude>
    <ClInclude Include="augs\audio\sound_source.h">
      <Filter>Header Files</Filter>
    </ClInclude>
    <ClInclude Include="augs\build_settings\setting_build_gtest.h">
      <Filter>Header Files</Filter>
    </ClInclude>
    <ClInclude Include="augs\build_settings\setting_build_http_daemon.h">
      <Filter>Header Files</Filter>
    </ClInclude>
    <ClInclude Include="augs\build_settings\setting_build_http_requests.h">
      <Filter>Header Files</Filter>
    </ClInclude>
    <ClInclude Include="augs\build_settings\setting_empty_bases.h">
      <Filter>Header Files</Filter>
    </ClInclude>
    <ClInclude Include="augs\build_settings\setting_enable_debug_log.h">
      <Filter>Header Files</Filter>
    </ClInclude>
    <ClInclude Include="augs\build_settings\setting_enable_ensure.h">
      <Filter>Header Files</Filter>
    </ClInclude>
    <ClInclude Include="augs\build_settings\setting_enable_polygonization.h">
      <Filter>Header Files</Filter>
    </ClInclude>
    <ClInclude Include="augs\build_settings\setting_entity_handle_has_debug_name_reference.h">
      <Filter>Header Files</Filter>
    </ClInclude>
    <ClInclude Include="augs\build_settings\setting_is_production_build.h">
      <Filter>Header Files</Filter>
    </ClInclude>
    <ClInclude Include="augs\build_settings\setting_log_audio_files.h">
      <Filter>Header Files</Filter>
    </ClInclude>
    <ClInclude Include="augs\window_framework\translate_windows_enums.h">
      <Filter>Header Files</Filter>
    </ClInclude>
    <ClInclude Include="augs\window_framework\event.h">
      <Filter>Header Files</Filter>
    </ClInclude>
    <ClInclude Include="augs\zeroed_pod.h">
      <Filter>Header Files</Filter>
    </ClInclude>
    <ClInclude Include="augs\tweaker.h">
      <Filter>Header Files</Filter>
    </ClInclude>
    <ClInclude Include="augs\padding_byte.h">
      <Filter>Header Files</Filter>
    </ClInclude>
    <ClInclude Include="augs\log.h">
      <Filter>Header Files</Filter>
    </ClInclude>
    <ClInclude Include="augs\ensure.h">
      <Filter>Header Files</Filter>
    </ClInclude>
    <ClInclude Include="augs\console_color.h">
      <Filter>Header Files</Filter>
    </ClInclude>
    <ClInclude Include="augs\al_log.h">
      <Filter>Header Files</Filter>
    </ClInclude>
    <ClInclude Include="augs\misc\machine_entropy.h">
      <Filter>Header Files</Filter>
    </ClInclude>
    <ClInclude Include="find_process_id.h">
      <Filter>Header Files</Filter>
    </ClInclude>
    <ClInclude Include="eventsink.h">
      <Filter>Header Files</Filter>
    </ClInclude>
  </ItemGroup>
</Project>